{
  "name": "chrome-nes",
  "version": "1.0.0",
  "lockfileVersion": 1,
  "requires": true,
  "dependencies": {
    "jsnes": {
      "version": "1.1.0",
      "resolved": "https://registry.npm.taobao.org/jsnes/download/jsnes-1.1.0.tgz",
      "integrity": "sha1-Jf+FDUc6bMFxduA9rKbNlch3xW8="
    }
  }
}
